
Microsoft Visual Studio Solution File, Format Version 12.00
# Visual Studio Version 17
VisualStudioVersion = 17.13.35806.99 d17.13
MinimumVisualStudioVersion = 10.0.40219.1
Project("{FAE04EC0-301F-11D3-BF4B-00C04F79EFBC}") = "Example2", "Example2.csproj", "{966C6435-F239-465D-95BF-C43F28E43940}"
EndProject
Global
	GlobalSection(SolutionConfigurationPlatforms) = preSolution
		Debug|Any CPU = Debug|Any CPU
		Release|Any CPU = Release|Any CPU
	EndGlobalSection
	GlobalSection(ProjectConfigurationPlatforms) = postSolution
		{966C6435-F239-465D-95BF-C43F28E43940}.Debug|Any CPU.ActiveCfg = Debug|Any CPU
		{966C6435-F239-465D-95BF-C43F28E43940}.Debug|Any CPU.Build.0 = Debug|Any CPU
		{966C6435-F239-465D-95BF-C43F28E43940}.Release|Any CPU.ActiveCfg = Release|Any CPU
		{966C6435-F239-465D-95BF-C43F28E43940}.Release|Any CPU.Build.0 = Release|Any CPU
	EndGlobalSection
	GlobalSection(SolutionProperties) = preSolution
		HideSolutionNode = FALSE
	EndGlobalSection
	GlobalSection(ExtensibilityGlobals) = postSolution
		SolutionGuid = {5B489B44-1470-4E55-9460-7B3A35A83D29}
	EndGlobalSection
EndGlobal
